{
  "lockfileVersion": 1,
  "workspaces": {
    "": {
      "name": "zeno",
      "devDependencies": {
        "@types/vscode": "^1.100.0",
        "typescript": "^5.8.3",
      },
    },
  },
  "packages": {
    "@types/vscode": ["@types/vscode@1.100.0", "", {}, "sha512-4uNyvzHoraXEeCamR3+fzcBlh7Afs4Ifjs4epINyUX/jvdk0uzLnwiDY35UKDKnkCHP5Nu3dljl2H8lR6s+rQw=="],

    "typescript": ["typescript@5.8.3", "", { "bin": { "tsc": "bin/tsc", "tsserver": "bin/tsserver" } }, "sha512-p1diW6TqL9L07nNxvRMM7hMMw4c5XOo/1ibL4aAIGmSAt9slTE1Xgw5KWuof2uTOvCg9BY7ZRi+GaF+7sfgPeQ=="],
  }
}
